Microsoft Visual Studio Solution File, Format Version 12.00
# Visual Studio Version 17
VisualStudioVersion = 17.5.2.0
MinimumVisualStudioVersion = 10.0.40219.1
Project("{FAE04EC0-301F-11D3-BF4B-00C04F79EFBC}") = "UserLoginKata", "UserLoginKata.csproj", "{5ED9D976-F202-D5B4-B4B6-9F415CDA3179}"
EndProject
Global
	GlobalSection(SolutionConfigurationPlatforms) = preSolution
		Debug|Any CPU = Debug|Any CPU
		Release|Any CPU = Release|Any CPU
	EndGlobalSection
	GlobalSection(ProjectConfigurationPlatforms) = postSolution
		{5ED9D976-F202-D5B4-B4B6-9F415CDA3179}.Debug|Any CPU.ActiveCfg = Debug|Any CPU
		{5ED9D976-F202-D5B4-B4B6-9F415CDA3179}.Debug|Any CPU.Build.0 = Debug|Any CPU
		{5ED9D976-F202-D5B4-B4B6-9F415CDA3179}.Release|Any CPU.ActiveCfg = Release|Any CPU
		{5ED9D976-F202-D5B4-B4B6-9F415CDA3179}.Release|Any CPU.Build.0 = Release|Any CPU
	EndGlobalSection
	GlobalSection(SolutionProperties) = preSolution
		HideSolutionNode = FALSE
	EndGlobalSection
	GlobalSection(ExtensibilityGlobals) = postSolution
		SolutionGuid = {1671AE61-E9C6-460A-83EE-DE5E2FCBD88F}
	EndGlobalSection
EndGlobal
